{
  "name": "possiblymadebyahuman",
  "version": "0.1.0",
  "lockfileVersion": 3,
  "requires": true,
  "packages": {
    "": {
      "name": "possiblymadebyahuman",
      "version": "0.1.0",
      "workspaces": [
        "packages/*",
        "apps/*"
      ],
      "dependencies": {
        "@noble/hashes": "^2.2.0"
      },
      "devDependencies": {
        "typescript": "^5.8.3"
      }
    },
    "apps/browser-extension": {
      "name": "@possiblymadebyahuman/browser-extension",
      "version": "0.1.0"
    },
    "apps/ingest-api": {
      "name": "@possiblymadebyahuman/ingest-api",
      "version": "0.1.0"
    },
    "apps/site": {
      "name": "@possiblymadebyahuman/site",
      "version": "0.1.0"
    },
    "apps/web": {
      "name": "@possiblymadebyahuman/web",
      "version": "0.1.0"
    },
    "node_modules/@noble/hashes": {
      "version": "2.2.0",
      "resolved": "https://registry.npmjs.org/@noble/hashes/-/hashes-2.2.0.tgz",
      "integrity": "sha512-IYqDGiTXab6FniAgnSdZwgWbomxpy9FtYvLKs7wCUs2a8RkITG+DFGO1DM9cr+E3/RgADRpFjrKVaJ1z6sjtEg==",
      "license": "MIT",
      "engines": {
        "node": ">= 20.19.0"
      },
      "funding": {
        "url": "https://paulmillr.com/funding/"
      }
    },
    "node_modules/@possiblymadebyahuman/analyzers": {
      "resolved": "packages/analyzers",
      "link": true
    },
    "node_modules/@possiblymadebyahuman/browser-extension": {
      "resolved": "apps/browser-extension",
      "link": true
    },
    "node_modules/@possiblymadebyahuman/conformance": {
      "resolved": "packages/conformance",
      "link": true
    },
    "node_modules/@possiblymadebyahuman/format": {
      "resolved": "packages/format",
      "link": true
    },
    "node_modules/@possiblymadebyahuman/ingest-api": {
      "resolved": "apps/ingest-api",
      "link": true
    },
    "node_modules/@possiblymadebyahuman/site": {
      "resolved": "apps/site",
      "link": true
    },
    "node_modules/@possiblymadebyahuman/storage": {
      "resolved": "packages/storage",
      "link": true
    },
    "node_modules/@possiblymadebyahuman/web": {
      "resolved": "apps/web",
      "link": true
    },
    "node_modules/typescript": {
      "version": "5.9.3",
      "resolved": "https://registry.npmjs.org/typescript/-/typescript-5.9.3.tgz",
      "integrity": "sha512-jl1vZzPDinLr9eUt3J/t7V6FgNEw9QjvBPdysz9KfQDD41fQrC2Y4vKQdiaUpFT4bXlb1RHhLpp8wtm6M5TgSw==",
      "dev": true,
      "license": "Apache-2.0",
      "bin": {
        "tsc": "bin/tsc",
        "tsserver": "bin/tsserver"
      },
      "engines": {
        "node": ">=14.17"
      }
    },
    "packages/analyzers": {
      "name": "@possiblymadebyahuman/analyzers",
      "version": "0.1.0"
    },
    "packages/conformance": {
      "name": "@possiblymadebyahuman/conformance",
      "version": "0.1.0",
      "dependencies": {
        "@possiblymadebyahuman/format": "0.1.0"
      }
    },
    "packages/format": {
      "name": "@possiblymadebyahuman/format",
      "version": "0.1.0",
      "dependencies": {
        "@noble/hashes": "^2.2.0"
      }
    },
    "packages/storage": {
      "name": "@possiblymadebyahuman/storage",
      "version": "0.1.0"
    }
  }
}
